
Microsoft Visual Studio Solution File, Format Version 12.00
# Visual Studio Version 16
VisualStudioVersion = 16.0.29215.179
MinimumVisualStudioVersion = 10.0.40219.1
Project("{FAE04EC0-301F-11D3-BF4B-00C04F79EFBC}") = "TVChannelsGrid.ServerApp", ".\TVChannelsGrid.ServerApp\TVChannelsGrid.ServerApp.csproj", "{6AF21F37-7B1A-4092-A05F-3FE877F63706}"
EndProject
Project("{FAE04EC0-301F-11D3-BF4B-00C04F79EFBC}") = "TVChannelsGrid.Database", ".\TVChannelsGrid.Database\TVChannelsGrid.Database.csproj", "{4FF119BF-7CFA-4448-A045-B8EC4F1E2772}"
EndProject
Project("{FAE04EC0-301F-11D3-BF4B-00C04F79EFBC}") = "TVChannelsGrid.WebApp", ".\TVChannelsGrid.WebApp\TVChannelsGrid.WebApp.csproj", "{73BCE6A1-87CC-4181-86C2-233280174190}"
EndProject
Global
	GlobalSection(SolutionConfigurationPlatforms) = preSolution
		Debug|Any CPU = Debug|Any CPU
		Release|Any CPU = Release|Any CPU
	EndGlobalSection
	GlobalSection(ProjectConfigurationPlatforms) = postSolution
		{6AF21F37-7B1A-4092-A05F-3FE877F63706}.Debug|Any CPU.ActiveCfg = Debug|Any CPU
		{6AF21F37-7B1A-4092-A05F-3FE877F63706}.Debug|Any CPU.Build.0 = Debug|Any CPU
		{6AF21F37-7B1A-4092-A05F-3FE877F63706}.Release|Any CPU.ActiveCfg = Release|Any CPU
		{6AF21F37-7B1A-4092-A05F-3FE877F63706}.Release|Any CPU.Build.0 = Release|Any CPU
		{4FF119BF-7CFA-4448-A045-B8EC4F1E2772}.Debug|Any CPU.ActiveCfg = Debug|Any CPU
		{4FF119BF-7CFA-4448-A045-B8EC4F1E2772}.Debug|Any CPU.Build.0 = Debug|Any CPU
		{4FF119BF-7CFA-4448-A045-B8EC4F1E2772}.Release|Any CPU.ActiveCfg = Release|Any CPU
		{4FF119BF-7CFA-4448-A045-B8EC4F1E2772}.Release|Any CPU.Build.0 = Release|Any CPU
		{73BCE6A1-87CC-4181-86C2-233280174190}.Debug|Any CPU.ActiveCfg = Debug|Any CPU
		{73BCE6A1-87CC-4181-86C2-233280174190}.Debug|Any CPU.Build.0 = Debug|Any CPU
		{73BCE6A1-87CC-4181-86C2-233280174190}.Release|Any CPU.ActiveCfg = Release|Any CPU
		{73BCE6A1-87CC-4181-86C2-233280174190}.Release|Any CPU.Build.0 = Release|Any CPU
	EndGlobalSection
	GlobalSection(SolutionProperties) = preSolution
		HideSolutionNode = FALSE
	EndGlobalSection
	GlobalSection(ExtensibilityGlobals) = postSolution
		SolutionGuid = {420EA3ED-014B-4362-B163-9D7BAEED72C4}
	EndGlobalSection
EndGlobal
